
Microsoft Visual Studio Solution File, Format Version 12.00
# Visual Studio Version 17
VisualStudioVersion = 17.0.32112.339
MinimumVisualStudioVersion = 10.0.40219.1
Project("{2150E333-8FDC-42A3-9474-1A3956D46DE8}") = "App", "App", "{41D878AE-62BE-42C4-99E8-EFF9493A02C0}"
EndProject
Project("{9A19103F-16F7-4668-BE54-9A1E7A4F7556}") = "OpenDataParser", "Parser\OpenDataParser\OpenDataParser.csproj", "{ECCEEDFD-DBC4-487B-8E31-74E6D134D667}"
EndProject
Project("{9A19103F-16F7-4668-BE54-9A1E7A4F7556}") = "Shared", "Parser\Shared\Shared.csproj", "{53808C8D-57D1-4A70-9B4B-57A2620C012B}"
EndProject
Project("{9A19103F-16F7-4668-BE54-9A1E7A4F7556}") = "LabelRecognizer", "Parser\LabelRecognizer\LabelRecognizer.csproj", "{60476DDD-B4DF-4D69-A8F8-7633CF05FF7B}"
EndProject
Project("{9A19103F-16F7-4668-BE54-9A1E7A4F7556}") = "DatasetGenerator", "Parser\IntermediateGenerator\DatasetGenerator.csproj", "{D92F5152-6619-466A-B311-F16ECE884BCE}"
EndProject
Project("{9A19103F-16F7-4668-BE54-9A1E7A4F7556}") = "DatasetDecider", "Parser\DatasetDecider\DatasetDecider.csproj", "{DD878511-ECA7-4EDF-BC7C-5FFB4A5EC128}"
EndProject
Project("{9A19103F-16F7-4668-BE54-9A1E7A4F7556}") = "DatasetParser", "Parser\DatasetParser\DatasetParser.csproj", "{6541F6CB-ED99-465F-A239-FDCE893E7600}"
EndProject
Project("{2150E333-8FDC-42A3-9474-1A3956D46DE8}") = "Test", "Test", "{AF02912D-9C47-4138-85E8-86D6AAEE07FF}"
EndProject
Project("{9A19103F-16F7-4668-BE54-9A1E7A4F7556}") = "IntermediateGenerator.Test", "Test\IntermediateGenerator.Test\IntermediateGenerator.Test.csproj", "{C5CF78DC-2531-431E-80B4-2BB8E2161E29}"
EndProject
Project("{9A19103F-16F7-4668-BE54-9A1E7A4F7556}") = "LabelRecognizer.Tests", "Test\LabelRecognizer.Tests\LabelRecognizer.Tests.csproj", "{891D75E3-2B89-4DB2-8477-7B7E004234E8}"
EndProject
Project("{9A19103F-16F7-4668-BE54-9A1E7A4F7556}") = "DatasetParser.Test", "DatasetParser.Test\DatasetParser.Test.csproj", "{F97DD281-D7EB-42DE-80F5-728D2BA01BE0}"
EndProject
Project("{9A19103F-16F7-4668-BE54-9A1E7A4F7556}") = "PostProcessing", "Parser\PostProcessing\PostProcessing.csproj", "{3383E79B-08BD-450F-88F8-853223287B41}"
EndProject
Project("{9A19103F-16F7-4668-BE54-9A1E7A4F7556}") = "Printers", "Parser\Printers\Printers.csproj", "{ED9720C8-9EE4-4F81-AB0A-991180075495}"
EndProject
Project("{FAE04EC0-301F-11D3-BF4B-00C04F79EFBC}") = "Printers.Tests", "Test\Printers.Tests\Printers.Tests.csproj", "{54001E0D-4552-49A7-86BF-DAA5644CE84A}"
EndProject
Global
	GlobalSection(SolutionConfigurationPlatforms) = preSolution
		Debug|Any CPU = Debug|Any CPU
		Release|Any CPU = Release|Any CPU
	EndGlobalSection
	GlobalSection(ProjectConfigurationPlatforms) = postSolution
		{ECCEEDFD-DBC4-487B-8E31-74E6D134D667}.Debug|Any CPU.ActiveCfg = Debug|Any CPU
		{ECCEEDFD-DBC4-487B-8E31-74E6D134D667}.Debug|Any CPU.Build.0 = Debug|Any CPU
		{ECCEEDFD-DBC4-487B-8E31-74E6D134D667}.Release|Any CPU.ActiveCfg = Release|Any CPU
		{ECCEEDFD-DBC4-487B-8E31-74E6D134D667}.Release|Any CPU.Build.0 = Release|Any CPU
		{53808C8D-57D1-4A70-9B4B-57A2620C012B}.Debug|Any CPU.ActiveCfg = Debug|Any CPU
		{53808C8D-57D1-4A70-9B4B-57A2620C012B}.Debug|Any CPU.Build.0 = Debug|Any CPU
		{53808C8D-57D1-4A70-9B4B-57A2620C012B}.Release|Any CPU.ActiveCfg = Release|Any CPU
		{53808C8D-57D1-4A70-9B4B-57A2620C012B}.Release|Any CPU.Build.0 = Release|Any CPU
		{60476DDD-B4DF-4D69-A8F8-7633CF05FF7B}.Debug|Any CPU.ActiveCfg = Debug|Any CPU
		{60476DDD-B4DF-4D69-A8F8-7633CF05FF7B}.Debug|Any CPU.Build.0 = Debug|Any CPU
		{60476DDD-B4DF-4D69-A8F8-7633CF05FF7B}.Release|Any CPU.ActiveCfg = Release|Any CPU
		{60476DDD-B4DF-4D69-A8F8-7633CF05FF7B}.Release|Any CPU.Build.0 = Release|Any CPU
		{D92F5152-6619-466A-B311-F16ECE884BCE}.Debug|Any CPU.ActiveCfg = Debug|Any CPU
		{D92F5152-6619-466A-B311-F16ECE884BCE}.Debug|Any CPU.Build.0 = Debug|Any CPU
		{D92F5152-6619-466A-B311-F16ECE884BCE}.Release|Any CPU.ActiveCfg = Release|Any CPU
		{D92F5152-6619-466A-B311-F16ECE884BCE}.Release|Any CPU.Build.0 = Release|Any CPU
		{DD878511-ECA7-4EDF-BC7C-5FFB4A5EC128}.Debug|Any CPU.ActiveCfg = Debug|Any CPU
		{DD878511-ECA7-4EDF-BC7C-5FFB4A5EC128}.Debug|Any CPU.Build.0 = Debug|Any CPU
		{DD878511-ECA7-4EDF-BC7C-5FFB4A5EC128}.Release|Any CPU.ActiveCfg = Release|Any CPU
		{DD878511-ECA7-4EDF-BC7C-5FFB4A5EC128}.Release|Any CPU.Build.0 = Release|Any CPU
		{6541F6CB-ED99-465F-A239-FDCE893E7600}.Debug|Any CPU.ActiveCfg = Debug|Any CPU
		{6541F6CB-ED99-465F-A239-FDCE893E7600}.Debug|Any CPU.Build.0 = Debug|Any CPU
		{6541F6CB-ED99-465F-A239-FDCE893E7600}.Release|Any CPU.ActiveCfg = Release|Any CPU
		{6541F6CB-ED99-465F-A239-FDCE893E7600}.Release|Any CPU.Build.0 = Release|Any CPU
		{C5CF78DC-2531-431E-80B4-2BB8E2161E29}.Debug|Any CPU.ActiveCfg = Debug|Any CPU
		{C5CF78DC-2531-431E-80B4-2BB8E2161E29}.Debug|Any CPU.Build.0 = Debug|Any CPU
		{C5CF78DC-2531-431E-80B4-2BB8E2161E29}.Release|Any CPU.ActiveCfg = Release|Any CPU
		{C5CF78DC-2531-431E-80B4-2BB8E2161E29}.Release|Any CPU.Build.0 = Release|Any CPU
		{891D75E3-2B89-4DB2-8477-7B7E004234E8}.Debug|Any CPU.ActiveCfg = Debug|Any CPU
		{891D75E3-2B89-4DB2-8477-7B7E004234E8}.Debug|Any CPU.Build.0 = Debug|Any CPU
		{891D75E3-2B89-4DB2-8477-7B7E004234E8}.Release|Any CPU.ActiveCfg = Release|Any CPU
		{891D75E3-2B89-4DB2-8477-7B7E004234E8}.Release|Any CPU.Build.0 = Release|Any CPU
		{F97DD281-D7EB-42DE-80F5-728D2BA01BE0}.Debug|Any CPU.ActiveCfg = Debug|Any CPU
		{F97DD281-D7EB-42DE-80F5-728D2BA01BE0}.Debug|Any CPU.Build.0 = Debug|Any CPU
		{F97DD281-D7EB-42DE-80F5-728D2BA01BE0}.Release|Any CPU.ActiveCfg = Release|Any CPU
		{F97DD281-D7EB-42DE-80F5-728D2BA01BE0}.Release|Any CPU.Build.0 = Release|Any CPU
		{3383E79B-08BD-450F-88F8-853223287B41}.Debug|Any CPU.ActiveCfg = Debug|Any CPU
		{3383E79B-08BD-450F-88F8-853223287B41}.Debug|Any CPU.Build.0 = Debug|Any CPU
		{3383E79B-08BD-450F-88F8-853223287B41}.Release|Any CPU.ActiveCfg = Release|Any CPU
		{3383E79B-08BD-450F-88F8-853223287B41}.Release|Any CPU.Build.0 = Release|Any CPU
		{ED9720C8-9EE4-4F81-AB0A-991180075495}.Debug|Any CPU.ActiveCfg = Debug|Any CPU
		{ED9720C8-9EE4-4F81-AB0A-991180075495}.Debug|Any CPU.Build.0 = Debug|Any CPU
		{ED9720C8-9EE4-4F81-AB0A-991180075495}.Release|Any CPU.ActiveCfg = Release|Any CPU
		{ED9720C8-9EE4-4F81-AB0A-991180075495}.Release|Any CPU.Build.0 = Release|Any CPU
		{54001E0D-4552-49A7-86BF-DAA5644CE84A}.Debug|Any CPU.ActiveCfg = Debug|Any CPU
		{54001E0D-4552-49A7-86BF-DAA5644CE84A}.Debug|Any CPU.Build.0 = Debug|Any CPU
		{54001E0D-4552-49A7-86BF-DAA5644CE84A}.Release|Any CPU.ActiveCfg = Release|Any CPU
		{54001E0D-4552-49A7-86BF-DAA5644CE84A}.Release|Any CPU.Build.0 = Release|Any CPU
	EndGlobalSection
	GlobalSection(SolutionProperties) = preSolution
		HideSolutionNode = FALSE
	EndGlobalSection
	GlobalSection(NestedProjects) = preSolution
		{ECCEEDFD-DBC4-487B-8E31-74E6D134D667} = {41D878AE-62BE-42C4-99E8-EFF9493A02C0}
		{53808C8D-57D1-4A70-9B4B-57A2620C012B} = {41D878AE-62BE-42C4-99E8-EFF9493A02C0}
		{60476DDD-B4DF-4D69-A8F8-7633CF05FF7B} = {41D878AE-62BE-42C4-99E8-EFF9493A02C0}
		{D92F5152-6619-466A-B311-F16ECE884BCE} = {41D878AE-62BE-42C4-99E8-EFF9493A02C0}
		{DD878511-ECA7-4EDF-BC7C-5FFB4A5EC128} = {41D878AE-62BE-42C4-99E8-EFF9493A02C0}
		{6541F6CB-ED99-465F-A239-FDCE893E7600} = {41D878AE-62BE-42C4-99E8-EFF9493A02C0}
		{C5CF78DC-2531-431E-80B4-2BB8E2161E29} = {AF02912D-9C47-4138-85E8-86D6AAEE07FF}
		{891D75E3-2B89-4DB2-8477-7B7E004234E8} = {AF02912D-9C47-4138-85E8-86D6AAEE07FF}
		{F97DD281-D7EB-42DE-80F5-728D2BA01BE0} = {AF02912D-9C47-4138-85E8-86D6AAEE07FF}
		{3383E79B-08BD-450F-88F8-853223287B41} = {41D878AE-62BE-42C4-99E8-EFF9493A02C0}
		{ED9720C8-9EE4-4F81-AB0A-991180075495} = {41D878AE-62BE-42C4-99E8-EFF9493A02C0}
		{54001E0D-4552-49A7-86BF-DAA5644CE84A} = {AF02912D-9C47-4138-85E8-86D6AAEE07FF}
	EndGlobalSection
	GlobalSection(ExtensibilityGlobals) = postSolution
		SolutionGuid = {A553F2C4-4AA3-47A4-9FF5-C18E7C4E249F}
	EndGlobalSection
EndGlobal
